
Microsoft Visual Studio Solution File, Format Version 12.00
# Visual Studio Version 16
VisualStudioVersion = 16.0.31112.23
MinimumVisualStudioVersion = 10.0.40219.1
Project("{FAE04EC0-301F-11D3-BF4B-00C04F79EFBC}") = "학생성적관리_210401", "학생성적관리_210401.csproj", "{7992CAB6-06EC-4A86-B833-C45417AF9277}"
EndProject
Global
	GlobalSection(SolutionConfigurationPlatforms) = preSolution
		Debug|Any CPU = Debug|Any CPU
		Release|Any CPU = Release|Any CPU
	EndGlobalSection
	GlobalSection(ProjectConfigurationPlatforms) = postSolution
		{7992CAB6-06EC-4A86-B833-C45417AF9277}.Debug|Any CPU.ActiveCfg = Debug|Any CPU
		{7992CAB6-06EC-4A86-B833-C45417AF9277}.Debug|Any CPU.Build.0 = Debug|Any CPU
		{7992CAB6-06EC-4A86-B833-C45417AF9277}.Release|Any CPU.ActiveCfg = Release|Any CPU
		{7992CAB6-06EC-4A86-B833-C45417AF9277}.Release|Any CPU.Build.0 = Release|Any CPU
	EndGlobalSection
	GlobalSection(SolutionProperties) = preSolution
		HideSolutionNode = FALSE
	EndGlobalSection
	GlobalSection(ExtensibilityGlobals) = postSolution
		SolutionGuid = {2260C691-3532-4A47-AFE4-4E3BDB6B968B}
	EndGlobalSection
EndGlobal
