
Microsoft Visual Studio Solution File, Format Version 12.00
# Visual Studio Version 16
VisualStudioVersion = 16.0.31205.134
MinimumVisualStudioVersion = 10.0.40219.1
Project("{FAE04EC0-301F-11D3-BF4B-00C04F79EFBC}") = "carApp", "210610_class_car\carApp.csproj", "{158DFBC0-4A92-4DB4-8DBC-CB1EE141479C}"
EndProject
Global
	GlobalSection(SolutionConfigurationPlatforms) = preSolution
		Debug|Any CPU = Debug|Any CPU
		Release|Any CPU = Release|Any CPU
	EndGlobalSection
	GlobalSection(ProjectConfigurationPlatforms) = postSolution
		{158DFBC0-4A92-4DB4-8DBC-CB1EE141479C}.Debug|Any CPU.ActiveCfg = Debug|Any CPU
		{158DFBC0-4A92-4DB4-8DBC-CB1EE141479C}.Debug|Any CPU.Build.0 = Debug|Any CPU
		{158DFBC0-4A92-4DB4-8DBC-CB1EE141479C}.Release|Any CPU.ActiveCfg = Release|Any CPU
		{158DFBC0-4A92-4DB4-8DBC-CB1EE141479C}.Release|Any CPU.Build.0 = Release|Any CPU
	EndGlobalSection
	GlobalSection(SolutionProperties) = preSolution
		HideSolutionNode = FALSE
	EndGlobalSection
	GlobalSection(ExtensibilityGlobals) = postSolution
		SolutionGuid = {3FF1DA61-946F-4B30-B538-E95819206E4A}
	EndGlobalSection
EndGlobal
